
Microsoft Visual Studio Solution File, Format Version 11.00
# Visual Studio 2010
Project("{FAE04EC0-301F-11D3-BF4B-00C04F79EFBC}") = "CommonUtils", "CommonUtils.csproj", "{08FF1175-07E4-4840-A0CD-54784A26019F}"
EndProject
Project("{FAE04EC0-301F-11D3-BF4B-00C04F79EFBC}") = "OpsTrackingModel", "..\OpsTrackingModel\OpsTrackingModel.csproj", "{706059AE-1E8A-441C-88CE-8B88DE87C5A4}"
EndProject
Project("{FAE04EC0-301F-11D3-BF4B-00C04F79EFBC}") = "OpsManagerNotifier", "..\Notifier\Client\OpsManagerNotifier.csproj", "{45E82C3C-267D-4FDA-9EE1-BE121EF95D39}"
EndProject
Global
	GlobalSection(SolutionConfigurationPlatforms) = preSolution
		Debug|Any CPU = Debug|Any CPU
		Release|Any CPU = Release|Any CPU
	EndGlobalSection
	GlobalSection(ProjectConfigurationPlatforms) = postSolution
		{08FF1175-07E4-4840-A0CD-54784A26019F}.Debug|Any CPU.ActiveCfg = Debug|Any CPU
		{08FF1175-07E4-4840-A0CD-54784A26019F}.Debug|Any CPU.Build.0 = Debug|Any CPU
		{08FF1175-07E4-4840-A0CD-54784A26019F}.Release|Any CPU.ActiveCfg = Release|Any CPU
		{08FF1175-07E4-4840-A0CD-54784A26019F}.Release|Any CPU.Build.0 = Release|Any CPU
		{706059AE-1E8A-441C-88CE-8B88DE87C5A4}.Debug|Any CPU.ActiveCfg = Debug|Any CPU
		{706059AE-1E8A-441C-88CE-8B88DE87C5A4}.Debug|Any CPU.Build.0 = Debug|Any CPU
		{706059AE-1E8A-441C-88CE-8B88DE87C5A4}.Release|Any CPU.ActiveCfg = Release|Any CPU
		{706059AE-1E8A-441C-88CE-8B88DE87C5A4}.Release|Any CPU.Build.0 = Release|Any CPU
		{45E82C3C-267D-4FDA-9EE1-BE121EF95D39}.Debug|Any CPU.ActiveCfg = Debug|Any CPU
		{45E82C3C-267D-4FDA-9EE1-BE121EF95D39}.Debug|Any CPU.Build.0 = Debug|Any CPU
		{45E82C3C-267D-4FDA-9EE1-BE121EF95D39}.Release|Any CPU.ActiveCfg = Release|Any CPU
		{45E82C3C-267D-4FDA-9EE1-BE121EF95D39}.Release|Any CPU.Build.0 = Release|Any CPU
	EndGlobalSection
	GlobalSection(SolutionProperties) = preSolution
		HideSolutionNode = FALSE
	EndGlobalSection
EndGlobal
