
Microsoft Visual Studio Solution File, Format Version 12.00
# Visual Studio 2013
VisualStudioVersion = 12.0.30723.0
MinimumVisualStudioVersion = 10.0.40219.1
Project("{2150E333-8FDC-42A3-9474-1A3956D46DE8}") = "Test", "Test", "{E81A5F8A-75AD-44C1-BA3D-0E64F8E7FD6E}"
EndProject
Project("{FAE04EC0-301F-11D3-BF4B-00C04F79EFBC}") = "VaultUploader.Data", "VaultUploader.Data\VaultUploader.Data.csproj", "{7C81EB62-2DE5-45D0-96DB-58CA06F33C39}"
EndProject
Project("{FAE04EC0-301F-11D3-BF4B-00C04F79EFBC}") = "VaultUploader.Service", "VaultUploader.Service\VaultUploader.Service.csproj", "{C77608C6-900A-4A99-88C0-1D47B1F6A117}"
EndProject
Project("{FAE04EC0-301F-11D3-BF4B-00C04F79EFBC}") = "VaultUploader.Test.WSAccess", "VaultUploader.Test\VaultUploader.Test.WSAccess\VaultUploader.Test.WSAccess.csproj", "{F60414A3-C0F0-4499-AD92-E401A0B6EAAB}"
EndProject
Project("{FAE04EC0-301F-11D3-BF4B-00C04F79EFBC}") = "VaultUploader.WSAccess", "VaultUploader.WSAccess\VaultUploader.WSAccess.csproj", "{CD952CA7-056D-46A2-9BF1-B8EFBA600C0D}"
EndProject
Global
	GlobalSection(SolutionConfigurationPlatforms) = preSolution
		Debug|Any CPU = Debug|Any CPU
		Release|Any CPU = Release|Any CPU
	EndGlobalSection
	GlobalSection(ProjectConfigurationPlatforms) = postSolution
		{7C81EB62-2DE5-45D0-96DB-58CA06F33C39}.Debug|Any CPU.ActiveCfg = Debug|Any CPU
		{7C81EB62-2DE5-45D0-96DB-58CA06F33C39}.Debug|Any CPU.Build.0 = Debug|Any CPU
		{7C81EB62-2DE5-45D0-96DB-58CA06F33C39}.Release|Any CPU.ActiveCfg = Release|Any CPU
		{7C81EB62-2DE5-45D0-96DB-58CA06F33C39}.Release|Any CPU.Build.0 = Release|Any CPU
		{C77608C6-900A-4A99-88C0-1D47B1F6A117}.Debug|Any CPU.ActiveCfg = Debug|Any CPU
		{C77608C6-900A-4A99-88C0-1D47B1F6A117}.Debug|Any CPU.Build.0 = Debug|Any CPU
		{C77608C6-900A-4A99-88C0-1D47B1F6A117}.Release|Any CPU.ActiveCfg = Release|Any CPU
		{C77608C6-900A-4A99-88C0-1D47B1F6A117}.Release|Any CPU.Build.0 = Release|Any CPU
		{F60414A3-C0F0-4499-AD92-E401A0B6EAAB}.Debug|Any CPU.ActiveCfg = Debug|Any CPU
		{F60414A3-C0F0-4499-AD92-E401A0B6EAAB}.Debug|Any CPU.Build.0 = Debug|Any CPU
		{F60414A3-C0F0-4499-AD92-E401A0B6EAAB}.Release|Any CPU.ActiveCfg = Release|Any CPU
		{F60414A3-C0F0-4499-AD92-E401A0B6EAAB}.Release|Any CPU.Build.0 = Release|Any CPU
		{CD952CA7-056D-46A2-9BF1-B8EFBA600C0D}.Debug|Any CPU.ActiveCfg = Debug|Any CPU
		{CD952CA7-056D-46A2-9BF1-B8EFBA600C0D}.Debug|Any CPU.Build.0 = Debug|Any CPU
		{CD952CA7-056D-46A2-9BF1-B8EFBA600C0D}.Release|Any CPU.ActiveCfg = Release|Any CPU
		{CD952CA7-056D-46A2-9BF1-B8EFBA600C0D}.Release|Any CPU.Build.0 = Release|Any CPU
	EndGlobalSection
	GlobalSection(SolutionProperties) = preSolution
		HideSolutionNode = FALSE
	EndGlobalSection
	GlobalSection(NestedProjects) = preSolution
		{F60414A3-C0F0-4499-AD92-E401A0B6EAAB} = {E81A5F8A-75AD-44C1-BA3D-0E64F8E7FD6E}
	EndGlobalSection
EndGlobal
