
Microsoft Visual Studio Solution File, Format Version 12.00
# Visual Studio 2013
VisualStudioVersion = 12.0.40629.0
MinimumVisualStudioVersion = 10.0.40219.1
Project("{FAE04EC0-301F-11D3-BF4B-00C04F79EFBC}") = "CommonUtils", "CommonUtils\CommonUtils.csproj", "{08FF1175-07E4-4840-A0CD-54784A26019F}"
EndProject
Project("{FAE04EC0-301F-11D3-BF4B-00C04F79EFBC}") = "DatasetManager", "DataSetManager\DatasetManager.csproj", "{0EA3BCA5-68FE-4160-BC61-843DC05718C9}"
EndProject
Project("{FAE04EC0-301F-11D3-BF4B-00C04F79EFBC}") = "ConfirmManager", "ConfirmManager\ConfirmManager.csproj", "{4C3330D6-FC6F-4501-AA92-8E7895B3EADC}"
EndProject
Project("{FAE04EC0-301F-11D3-BF4B-00C04F79EFBC}") = "ConfirmInbound", "ConfirmInbound\ConfirmInbound.csproj", "{5F5A5C92-C2DF-499E-8FB4-3E6849BC074E}"
EndProject
Project("{FAE04EC0-301F-11D3-BF4B-00C04F79EFBC}") = "OpsTrackingModel", "OpsTrackingModel\OpsTrackingModel.csproj", "{706059AE-1E8A-441C-88CE-8B88DE87C5A4}"
EndProject
Project("{FAE04EC0-301F-11D3-BF4B-00C04F79EFBC}") = "Sempra.Confirm.InBound.Comm", "Sempra.Confirm.InBound.Comm\Sempra.Confirm.InBound.Comm.csproj", "{2B0AA686-7627-4CC3-AE54-E5AD3DCFD3BB}"
EndProject
Project("{FAE04EC0-301F-11D3-BF4B-00C04F79EFBC}") = "Sempra.Confirm.InBound.ImageEdit", "Sempra.Confirm.InBound.ImageEdit\Sempra.Confirm.InBound.ImageEdit\Sempra.Confirm.InBound.ImageEdit.csproj", "{D8C894AA-4C0E-4DFB-8475-9199ACB864A8}"
EndProject
Project("{FAE04EC0-301F-11D3-BF4B-00C04F79EFBC}") = "OpsManagerNotifier", "StompNotifier\OpsManagerNotifier.csproj", "{CD5CA40F-BFB3-455F-B220-6FD7DB147BB1}"
EndProject
Project("{FAE04EC0-301F-11D3-BF4B-00C04F79EFBC}") = "Sempra.Login", "DBLogin\Sempra.Login.csproj", "{9B1A6D35-9D3B-4CBC-BE21-F62E1B42F8F1}"
EndProject
Project("{FAE04EC0-301F-11D3-BF4B-00C04F79EFBC}") = "DBAccess", "DBAccess\DBAccess.csproj", "{17AE1E7F-64C3-4CF4-AFDC-E0D9D5F50742}"
EndProject
Project("{FAE04EC0-301F-11D3-BF4B-00C04F79EFBC}") = "DBAccess.SqlServer", "DBAccess.SqlServer\DBAccess.SqlServer.csproj", "{7F080283-FC4E-4EC2-8F0B-0AAEAA509DE3}"
EndProject
Project("{2150E333-8FDC-42A3-9474-1A3956D46DE8}") = "Solution Items", "Solution Items", "{037B3125-4259-41ED-A050-07224DF89DF9}"
EndProject
Project("{FAE04EC0-301F-11D3-BF4B-00C04F79EFBC}") = "TestWorkbench", "TestWorkbench\TestWorkbench.csproj", "{A2EF148D-96BB-4CFC-8F29-334E51AFA33B}"
EndProject
Project("{FAE04EC0-301F-11D3-BF4B-00C04F79EFBC}") = "DBAccess.SqlServer.Test", "DBAccess.SqlServer.Test\DBAccess.SqlServer.Test.csproj", "{DD3DE0CA-C0DA-4E05-A317-71F155558929}"
EndProject
Project("{FAE04EC0-301F-11D3-BF4B-00C04F79EFBC}") = "WSAccess", "WSAccess\WSAccess.csproj", "{CB5AEFE1-8DE5-4FD1-B2D6-31F5C381B842}"
EndProject
Project("{FAE04EC0-301F-11D3-BF4B-00C04F79EFBC}") = "Sempra.IniFile", "IniFile\Sempra.IniFile.csproj", "{53392007-ABFB-4B07-B413-5351D958F630}"
EndProject
Project("{FAE04EC0-301F-11D3-BF4B-00C04F79EFBC}") = "Sempra.Ops", "OpsUtils\Sempra.Ops.csproj", "{ADD4A45C-9E8F-4553-A294-99734A6BAC2B}"
EndProject
Project("{2150E333-8FDC-42A3-9474-1A3956D46DE8}") = "Test", "Test", "{7F7B7235-854F-4454-87EE-3403C6AD4008}"
EndProject
Project("{FAE04EC0-301F-11D3-BF4B-00C04F79EFBC}") = "WSAccessTest", "WSAccessTest\WSAccessTest.csproj", "{186BBE9E-9342-405A-BFBE-1A8F752BE325}"
EndProject
Project("{FAE04EC0-301F-11D3-BF4B-00C04F79EFBC}") = "VaultUtils", "VaultUtils\VaultUtils.csproj", "{6FEA33B2-6C51-4CDD-923D-9CE0BC8CF1B0}"
EndProject
Global
	GlobalSection(SolutionConfigurationPlatforms) = preSolution
		Debug - No Documentation|Any CPU = Debug - No Documentation|Any CPU
		Debug - No Documentation|Mixed Platforms = Debug - No Documentation|Mixed Platforms
		Debug - No Documentation|x86 = Debug - No Documentation|x86
		Debug (No Documentation)|Any CPU = Debug (No Documentation)|Any CPU
		Debug (No Documentation)|Mixed Platforms = Debug (No Documentation)|Mixed Platforms
		Debug (No Documentation)|x86 = Debug (No Documentation)|x86
		Debug|Any CPU = Debug|Any CPU
		Debug|Mixed Platforms = Debug|Mixed Platforms
		Debug|x86 = Debug|x86
		Design|Any CPU = Design|Any CPU
		Design|Mixed Platforms = Design|Mixed Platforms
		Design|x86 = Design|x86
		GsNotActive|Any CPU = GsNotActive|Any CPU
		GsNotActive|Mixed Platforms = GsNotActive|Mixed Platforms
		GsNotActive|x86 = GsNotActive|x86
		Release|Any CPU = Release|Any CPU
		Release|Mixed Platforms = Release|Mixed Platforms
		Release|x86 = Release|x86
	EndGlobalSection
	GlobalSection(ProjectConfigurationPlatforms) = postSolution
		{08FF1175-07E4-4840-A0CD-54784A26019F}.Debug - No Documentation|Any CPU.ActiveCfg = Debug|Any CPU
		{08FF1175-07E4-4840-A0CD-54784A26019F}.Debug - No Documentation|Any CPU.Build.0 = Debug|Any CPU
		{08FF1175-07E4-4840-A0CD-54784A26019F}.Debug - No Documentation|Mixed Platforms.ActiveCfg = Debug|Any CPU
		{08FF1175-07E4-4840-A0CD-54784A26019F}.Debug - No Documentation|x86.ActiveCfg = Debug|Any CPU
		{08FF1175-07E4-4840-A0CD-54784A26019F}.Debug (No Documentation)|Any CPU.ActiveCfg = Debug|Any CPU
		{08FF1175-07E4-4840-A0CD-54784A26019F}.Debug (No Documentation)|Any CPU.Build.0 = Debug|Any CPU
		{08FF1175-07E4-4840-A0CD-54784A26019F}.Debug (No Documentation)|Mixed Platforms.ActiveCfg = Debug|Any CPU
		{08FF1175-07E4-4840-A0CD-54784A26019F}.Debug (No Documentation)|x86.ActiveCfg = Debug|Any CPU
		{08FF1175-07E4-4840-A0CD-54784A26019F}.Debug|Any CPU.ActiveCfg = Debug|Any CPU
		{08FF1175-07E4-4840-A0CD-54784A26019F}.Debug|Any CPU.Build.0 = Debug|Any CPU
		{08FF1175-07E4-4840-A0CD-54784A26019F}.Debug|Mixed Platforms.ActiveCfg = Debug|Any CPU
		{08FF1175-07E4-4840-A0CD-54784A26019F}.Debug|Mixed Platforms.Build.0 = Debug|Any CPU
		{08FF1175-07E4-4840-A0CD-54784A26019F}.Debug|x86.ActiveCfg = Debug|x86
		{08FF1175-07E4-4840-A0CD-54784A26019F}.Debug|x86.Build.0 = Debug|x86
		{08FF1175-07E4-4840-A0CD-54784A26019F}.Design|Any CPU.ActiveCfg = Debug|Any CPU
		{08FF1175-07E4-4840-A0CD-54784A26019F}.Design|Any CPU.Build.0 = Debug|Any CPU
		{08FF1175-07E4-4840-A0CD-54784A26019F}.Design|Mixed Platforms.ActiveCfg = Debug|Any CPU
		{08FF1175-07E4-4840-A0CD-54784A26019F}.Design|x86.ActiveCfg = Debug|Any CPU
		{08FF1175-07E4-4840-A0CD-54784A26019F}.GsNotActive|Any CPU.ActiveCfg = Release|Any CPU
		{08FF1175-07E4-4840-A0CD-54784A26019F}.GsNotActive|Any CPU.Build.0 = Release|Any CPU
		{08FF1175-07E4-4840-A0CD-54784A26019F}.GsNotActive|Mixed Platforms.ActiveCfg = Release|Any CPU
		{08FF1175-07E4-4840-A0CD-54784A26019F}.GsNotActive|x86.ActiveCfg = Release|Any CPU
		{08FF1175-07E4-4840-A0CD-54784A26019F}.Release|Any CPU.ActiveCfg = Release|Any CPU
		{08FF1175-07E4-4840-A0CD-54784A26019F}.Release|Any CPU.Build.0 = Release|Any CPU
		{08FF1175-07E4-4840-A0CD-54784A26019F}.Release|Mixed Platforms.ActiveCfg = Release|Any CPU
		{08FF1175-07E4-4840-A0CD-54784A26019F}.Release|x86.ActiveCfg = Release|Any CPU
		{0EA3BCA5-68FE-4160-BC61-843DC05718C9}.Debug - No Documentation|Any CPU.ActiveCfg = Debug|Any CPU
		{0EA3BCA5-68FE-4160-BC61-843DC05718C9}.Debug - No Documentation|Any CPU.Build.0 = Debug|Any CPU
		{0EA3BCA5-68FE-4160-BC61-843DC05718C9}.Debug - No Documentation|Mixed Platforms.ActiveCfg = Debug|Any CPU
		{0EA3BCA5-68FE-4160-BC61-843DC05718C9}.Debug - No Documentation|x86.ActiveCfg = Debug|Any CPU
		{0EA3BCA5-68FE-4160-BC61-843DC05718C9}.Debug (No Documentation)|Any CPU.ActiveCfg = Debug|Any CPU
		{0EA3BCA5-68FE-4160-BC61-843DC05718C9}.Debug (No Documentation)|Any CPU.Build.0 = Debug|Any CPU
		{0EA3BCA5-68FE-4160-BC61-843DC05718C9}.Debug (No Documentation)|Mixed Platforms.ActiveCfg = Debug|Any CPU
		{0EA3BCA5-68FE-4160-BC61-843DC05718C9}.Debug (No Documentation)|x86.ActiveCfg = Debug|Any CPU
		{0EA3BCA5-68FE-4160-BC61-843DC05718C9}.Debug|Any CPU.ActiveCfg = Debug|Any CPU
		{0EA3BCA5-68FE-4160-BC61-843DC05718C9}.Debug|Any CPU.Build.0 = Debug|Any CPU
		{0EA3BCA5-68FE-4160-BC61-843DC05718C9}.Debug|Mixed Platforms.ActiveCfg = Debug|Any CPU
		{0EA3BCA5-68FE-4160-BC61-843DC05718C9}.Debug|Mixed Platforms.Build.0 = Debug|Any CPU
		{0EA3BCA5-68FE-4160-BC61-843DC05718C9}.Debug|x86.ActiveCfg = Debug|x86
		{0EA3BCA5-68FE-4160-BC61-843DC05718C9}.Debug|x86.Build.0 = Debug|x86
		{0EA3BCA5-68FE-4160-BC61-843DC05718C9}.Design|Any CPU.ActiveCfg = Debug|Any CPU
		{0EA3BCA5-68FE-4160-BC61-843DC05718C9}.Design|Any CPU.Build.0 = Debug|Any CPU
		{0EA3BCA5-68FE-4160-BC61-843DC05718C9}.Design|Mixed Platforms.ActiveCfg = Debug|Any CPU
		{0EA3BCA5-68FE-4160-BC61-843DC05718C9}.Design|x86.ActiveCfg = Debug|Any CPU
		{0EA3BCA5-68FE-4160-BC61-843DC05718C9}.GsNotActive|Any CPU.ActiveCfg = Release|Any CPU
		{0EA3BCA5-68FE-4160-BC61-843DC05718C9}.GsNotActive|Any CPU.Build.0 = Release|Any CPU
		{0EA3BCA5-68FE-4160-BC61-843DC05718C9}.GsNotActive|Mixed Platforms.ActiveCfg = Release|Any CPU
		{0EA3BCA5-68FE-4160-BC61-843DC05718C9}.GsNotActive|x86.ActiveCfg = Release|Any CPU
		{0EA3BCA5-68FE-4160-BC61-843DC05718C9}.Release|Any CPU.ActiveCfg = Release|Any CPU
		{0EA3BCA5-68FE-4160-BC61-843DC05718C9}.Release|Any CPU.Build.0 = Release|Any CPU
		{0EA3BCA5-68FE-4160-BC61-843DC05718C9}.Release|Mixed Platforms.ActiveCfg = Release|Any CPU
		{0EA3BCA5-68FE-4160-BC61-843DC05718C9}.Release|x86.ActiveCfg = Release|Any CPU
		{4C3330D6-FC6F-4501-AA92-8E7895B3EADC}.Debug - No Documentation|Any CPU.ActiveCfg = Debug|Any CPU
		{4C3330D6-FC6F-4501-AA92-8E7895B3EADC}.Debug - No Documentation|Any CPU.Build.0 = Debug|Any CPU
		{4C3330D6-FC6F-4501-AA92-8E7895B3EADC}.Debug - No Documentation|Mixed Platforms.ActiveCfg = Debug|Any CPU
		{4C3330D6-FC6F-4501-AA92-8E7895B3EADC}.Debug - No Documentation|x86.ActiveCfg = Debug|Any CPU
		{4C3330D6-FC6F-4501-AA92-8E7895B3EADC}.Debug (No Documentation)|Any CPU.ActiveCfg = Debug|Any CPU
		{4C3330D6-FC6F-4501-AA92-8E7895B3EADC}.Debug (No Documentation)|Any CPU.Build.0 = Debug|Any CPU
		{4C3330D6-FC6F-4501-AA92-8E7895B3EADC}.Debug (No Documentation)|Mixed Platforms.ActiveCfg = Debug|Any CPU
		{4C3330D6-FC6F-4501-AA92-8E7895B3EADC}.Debug (No Documentation)|x86.ActiveCfg = Debug|Any CPU
		{4C3330D6-FC6F-4501-AA92-8E7895B3EADC}.Debug|Any CPU.ActiveCfg = Debug|Any CPU
		{4C3330D6-FC6F-4501-AA92-8E7895B3EADC}.Debug|Any CPU.Build.0 = Debug|Any CPU
		{4C3330D6-FC6F-4501-AA92-8E7895B3EADC}.Debug|Mixed Platforms.ActiveCfg = Debug|Any CPU
		{4C3330D6-FC6F-4501-AA92-8E7895B3EADC}.Debug|Mixed Platforms.Build.0 = Debug|Any CPU
		{4C3330D6-FC6F-4501-AA92-8E7895B3EADC}.Debug|x86.ActiveCfg = Debug|x86
		{4C3330D6-FC6F-4501-AA92-8E7895B3EADC}.Debug|x86.Build.0 = Debug|x86
		{4C3330D6-FC6F-4501-AA92-8E7895B3EADC}.Design|Any CPU.ActiveCfg = Debug|Any CPU
		{4C3330D6-FC6F-4501-AA92-8E7895B3EADC}.Design|Any CPU.Build.0 = Debug|Any CPU
		{4C3330D6-FC6F-4501-AA92-8E7895B3EADC}.Design|Mixed Platforms.ActiveCfg = Debug|Any CPU
		{4C3330D6-FC6F-4501-AA92-8E7895B3EADC}.Design|x86.ActiveCfg = Debug|Any CPU
		{4C3330D6-FC6F-4501-AA92-8E7895B3EADC}.GsNotActive|Any CPU.ActiveCfg = GsNotActive|Any CPU
		{4C3330D6-FC6F-4501-AA92-8E7895B3EADC}.GsNotActive|Any CPU.Build.0 = GsNotActive|Any CPU
		{4C3330D6-FC6F-4501-AA92-8E7895B3EADC}.GsNotActive|Mixed Platforms.ActiveCfg = GsNotActive|Any CPU
		{4C3330D6-FC6F-4501-AA92-8E7895B3EADC}.GsNotActive|x86.ActiveCfg = GsNotActive|Any CPU
		{4C3330D6-FC6F-4501-AA92-8E7895B3EADC}.Release|Any CPU.ActiveCfg = Release|Any CPU
		{4C3330D6-FC6F-4501-AA92-8E7895B3EADC}.Release|Any CPU.Build.0 = Release|Any CPU
		{4C3330D6-FC6F-4501-AA92-8E7895B3EADC}.Release|Mixed Platforms.ActiveCfg = Release|Any CPU
		{4C3330D6-FC6F-4501-AA92-8E7895B3EADC}.Release|x86.ActiveCfg = Release|Any CPU
		{5F5A5C92-C2DF-499E-8FB4-3E6849BC074E}.Debug - No Documentation|Any CPU.ActiveCfg = Debug|Any CPU
		{5F5A5C92-C2DF-499E-8FB4-3E6849BC074E}.Debug - No Documentation|Any CPU.Build.0 = Debug|Any CPU
		{5F5A5C92-C2DF-499E-8FB4-3E6849BC074E}.Debug - No Documentation|Mixed Platforms.ActiveCfg = Debug|Any CPU
		{5F5A5C92-C2DF-499E-8FB4-3E6849BC074E}.Debug - No Documentation|x86.ActiveCfg = Debug|Any CPU
		{5F5A5C92-C2DF-499E-8FB4-3E6849BC074E}.Debug (No Documentation)|Any CPU.ActiveCfg = Debug|Any CPU
		{5F5A5C92-C2DF-499E-8FB4-3E6849BC074E}.Debug (No Documentation)|Any CPU.Build.0 = Debug|Any CPU
		{5F5A5C92-C2DF-499E-8FB4-3E6849BC074E}.Debug (No Documentation)|Mixed Platforms.ActiveCfg = Debug|Any CPU
		{5F5A5C92-C2DF-499E-8FB4-3E6849BC074E}.Debug (No Documentation)|x86.ActiveCfg = Debug|Any CPU
		{5F5A5C92-C2DF-499E-8FB4-3E6849BC074E}.Debug|Any CPU.ActiveCfg = Debug|Any CPU
		{5F5A5C92-C2DF-499E-8FB4-3E6849BC074E}.Debug|Any CPU.Build.0 = Debug|Any CPU
		{5F5A5C92-C2DF-499E-8FB4-3E6849BC074E}.Debug|Mixed Platforms.ActiveCfg = Debug|Any CPU
		{5F5A5C92-C2DF-499E-8FB4-3E6849BC074E}.Debug|Mixed Platforms.Build.0 = Debug|Any CPU
		{5F5A5C92-C2DF-499E-8FB4-3E6849BC074E}.Debug|x86.ActiveCfg = Debug|x86
		{5F5A5C92-C2DF-499E-8FB4-3E6849BC074E}.Debug|x86.Build.0 = Debug|x86
		{5F5A5C92-C2DF-499E-8FB4-3E6849BC074E}.Design|Any CPU.ActiveCfg = Debug|Any CPU
		{5F5A5C92-C2DF-499E-8FB4-3E6849BC074E}.Design|Any CPU.Build.0 = Debug|Any CPU
		{5F5A5C92-C2DF-499E-8FB4-3E6849BC074E}.Design|Mixed Platforms.ActiveCfg = Debug|Any CPU
		{5F5A5C92-C2DF-499E-8FB4-3E6849BC074E}.Design|x86.ActiveCfg = Debug|Any CPU
		{5F5A5C92-C2DF-499E-8FB4-3E6849BC074E}.GsNotActive|Any CPU.ActiveCfg = Release|Any CPU
		{5F5A5C92-C2DF-499E-8FB4-3E6849BC074E}.GsNotActive|Any CPU.Build.0 = Release|Any CPU
		{5F5A5C92-C2DF-499E-8FB4-3E6849BC074E}.GsNotActive|Mixed Platforms.ActiveCfg = Release|Any CPU
		{5F5A5C92-C2DF-499E-8FB4-3E6849BC074E}.GsNotActive|x86.ActiveCfg = Release|Any CPU
		{5F5A5C92-C2DF-499E-8FB4-3E6849BC074E}.Release|Any CPU.ActiveCfg = Release|Any CPU
		{5F5A5C92-C2DF-499E-8FB4-3E6849BC074E}.Release|Any CPU.Build.0 = Release|Any CPU
		{5F5A5C92-C2DF-499E-8FB4-3E6849BC074E}.Release|Mixed Platforms.ActiveCfg = Release|Any CPU
		{5F5A5C92-C2DF-499E-8FB4-3E6849BC074E}.Release|x86.ActiveCfg = Release|Any CPU
		{706059AE-1E8A-441C-88CE-8B88DE87C5A4}.Debug - No Documentation|Any CPU.ActiveCfg = Debug|Any CPU
		{706059AE-1E8A-441C-88CE-8B88DE87C5A4}.Debug - No Documentation|Any CPU.Build.0 = Debug|Any CPU
		{706059AE-1E8A-441C-88CE-8B88DE87C5A4}.Debug - No Documentation|Mixed Platforms.ActiveCfg = Debug|Any CPU
		{706059AE-1E8A-441C-88CE-8B88DE87C5A4}.Debug - No Documentation|x86.ActiveCfg = Debug|Any CPU
		{706059AE-1E8A-441C-88CE-8B88DE87C5A4}.Debug (No Documentation)|Any CPU.ActiveCfg = Debug|Any CPU
		{706059AE-1E8A-441C-88CE-8B88DE87C5A4}.Debug (No Documentation)|Any CPU.Build.0 = Debug|Any CPU
		{706059AE-1E8A-441C-88CE-8B88DE87C5A4}.Debug (No Documentation)|Mixed Platforms.ActiveCfg = Debug|Any CPU
		{706059AE-1E8A-441C-88CE-8B88DE87C5A4}.Debug (No Documentation)|x86.ActiveCfg = Debug|Any CPU
		{706059AE-1E8A-441C-88CE-8B88DE87C5A4}.Debug|Any CPU.ActiveCfg = Debug|Any CPU
		{706059AE-1E8A-441C-88CE-8B88DE87C5A4}.Debug|Any CPU.Build.0 = Debug|Any CPU
		{706059AE-1E8A-441C-88CE-8B88DE87C5A4}.Debug|Mixed Platforms.ActiveCfg = Debug|Any CPU
		{706059AE-1E8A-441C-88CE-8B88DE87C5A4}.Debug|Mixed Platforms.Build.0 = Debug|Any CPU
		{706059AE-1E8A-441C-88CE-8B88DE87C5A4}.Debug|x86.ActiveCfg = Debug|x86
		{706059AE-1E8A-441C-88CE-8B88DE87C5A4}.Debug|x86.Build.0 = Debug|x86
		{706059AE-1E8A-441C-88CE-8B88DE87C5A4}.Design|Any CPU.ActiveCfg = Debug|Any CPU
		{706059AE-1E8A-441C-88CE-8B88DE87C5A4}.Design|Any CPU.Build.0 = Debug|Any CPU
		{706059AE-1E8A-441C-88CE-8B88DE87C5A4}.Design|Mixed Platforms.ActiveCfg = Debug|Any CPU
		{706059AE-1E8A-441C-88CE-8B88DE87C5A4}.Design|x86.ActiveCfg = Debug|Any CPU
		{706059AE-1E8A-441C-88CE-8B88DE87C5A4}.GsNotActive|Any CPU.ActiveCfg = Release|Any CPU
		{706059AE-1E8A-441C-88CE-8B88DE87C5A4}.GsNotActive|Any CPU.Build.0 = Release|Any CPU
		{706059AE-1E8A-441C-88CE-8B88DE87C5A4}.GsNotActive|Mixed Platforms.ActiveCfg = Release|Any CPU
		{706059AE-1E8A-441C-88CE-8B88DE87C5A4}.GsNotActive|x86.ActiveCfg = Release|Any CPU
		{706059AE-1E8A-441C-88CE-8B88DE87C5A4}.Release|Any CPU.ActiveCfg = Release|Any CPU
		{706059AE-1E8A-441C-88CE-8B88DE87C5A4}.Release|Any CPU.Build.0 = Release|Any CPU
		{706059AE-1E8A-441C-88CE-8B88DE87C5A4}.Release|Mixed Platforms.ActiveCfg = Release|Any CPU
		{706059AE-1E8A-441C-88CE-8B88DE87C5A4}.Release|x86.ActiveCfg = Release|Any CPU
		{2B0AA686-7627-4CC3-AE54-E5AD3DCFD3BB}.Debug - No Documentation|Any CPU.ActiveCfg = Debug|Any CPU
		{2B0AA686-7627-4CC3-AE54-E5AD3DCFD3BB}.Debug - No Documentation|Any CPU.Build.0 = Debug|Any CPU
		{2B0AA686-7627-4CC3-AE54-E5AD3DCFD3BB}.Debug - No Documentation|Mixed Platforms.ActiveCfg = Debug|Any CPU
		{2B0AA686-7627-4CC3-AE54-E5AD3DCFD3BB}.Debug - No Documentation|x86.ActiveCfg = Debug|Any CPU
		{2B0AA686-7627-4CC3-AE54-E5AD3DCFD3BB}.Debug (No Documentation)|Any CPU.ActiveCfg = Debug|Any CPU
		{2B0AA686-7627-4CC3-AE54-E5AD3DCFD3BB}.Debug (No Documentation)|Any CPU.Build.0 = Debug|Any CPU
		{2B0AA686-7627-4CC3-AE54-E5AD3DCFD3BB}.Debug (No Documentation)|Mixed Platforms.ActiveCfg = Debug|Any CPU
		{2B0AA686-7627-4CC3-AE54-E5AD3DCFD3BB}.Debug (No Documentation)|x86.ActiveCfg = Debug|Any CPU
		{2B0AA686-7627-4CC3-AE54-E5AD3DCFD3BB}.Debug|Any CPU.ActiveCfg = Debug|Any CPU
		{2B0AA686-7627-4CC3-AE54-E5AD3DCFD3BB}.Debug|Any CPU.Build.0 = Debug|Any CPU
		{2B0AA686-7627-4CC3-AE54-E5AD3DCFD3BB}.Debug|Mixed Platforms.ActiveCfg = Debug|Any CPU
		{2B0AA686-7627-4CC3-AE54-E5AD3DCFD3BB}.Debug|Mixed Platforms.Build.0 = Debug|Any CPU
		{2B0AA686-7627-4CC3-AE54-E5AD3DCFD3BB}.Debug|x86.ActiveCfg = Debug|x86
		{2B0AA686-7627-4CC3-AE54-E5AD3DCFD3BB}.Debug|x86.Build.0 = Debug|x86
		{2B0AA686-7627-4CC3-AE54-E5AD3DCFD3BB}.Design|Any CPU.ActiveCfg = Debug|Any CPU
		{2B0AA686-7627-4CC3-AE54-E5AD3DCFD3BB}.Design|Any CPU.Build.0 = Debug|Any CPU
		{2B0AA686-7627-4CC3-AE54-E5AD3DCFD3BB}.Design|Mixed Platforms.ActiveCfg = Debug|Any CPU
		{2B0AA686-7627-4CC3-AE54-E5AD3DCFD3BB}.Design|x86.ActiveCfg = Debug|Any CPU
		{2B0AA686-7627-4CC3-AE54-E5AD3DCFD3BB}.GsNotActive|Any CPU.ActiveCfg = Release|Any CPU
		{2B0AA686-7627-4CC3-AE54-E5AD3DCFD3BB}.GsNotActive|Any CPU.Build.0 = Release|Any CPU
		{2B0AA686-7627-4CC3-AE54-E5AD3DCFD3BB}.GsNotActive|Mixed Platforms.ActiveCfg = Release|Any CPU
		{2B0AA686-7627-4CC3-AE54-E5AD3DCFD3BB}.GsNotActive|x86.ActiveCfg = Release|Any CPU
		{2B0AA686-7627-4CC3-AE54-E5AD3DCFD3BB}.Release|Any CPU.ActiveCfg = Release|Any CPU
		{2B0AA686-7627-4CC3-AE54-E5AD3DCFD3BB}.Release|Any CPU.Build.0 = Release|Any CPU
		{2B0AA686-7627-4CC3-AE54-E5AD3DCFD3BB}.Release|Mixed Platforms.ActiveCfg = Release|Any CPU
		{2B0AA686-7627-4CC3-AE54-E5AD3DCFD3BB}.Release|x86.ActiveCfg = Release|Any CPU
		{D8C894AA-4C0E-4DFB-8475-9199ACB864A8}.Debug - No Documentation|Any CPU.ActiveCfg = Debug|Any CPU
		{D8C894AA-4C0E-4DFB-8475-9199ACB864A8}.Debug - No Documentation|Any CPU.Build.0 = Debug|Any CPU
		{D8C894AA-4C0E-4DFB-8475-9199ACB864A8}.Debug - No Documentation|Mixed Platforms.ActiveCfg = Debug|Any CPU
		{D8C894AA-4C0E-4DFB-8475-9199ACB864A8}.Debug - No Documentation|x86.ActiveCfg = Debug|Any CPU
		{D8C894AA-4C0E-4DFB-8475-9199ACB864A8}.Debug (No Documentation)|Any CPU.ActiveCfg = Debug|Any CPU
		{D8C894AA-4C0E-4DFB-8475-9199ACB864A8}.Debug (No Documentation)|Any CPU.Build.0 = Debug|Any CPU
		{D8C894AA-4C0E-4DFB-8475-9199ACB864A8}.Debug (No Documentation)|Mixed Platforms.ActiveCfg = Debug|Any CPU
		{D8C894AA-4C0E-4DFB-8475-9199ACB864A8}.Debug (No Documentation)|x86.ActiveCfg = Debug|Any CPU
		{D8C894AA-4C0E-4DFB-8475-9199ACB864A8}.Debug|Any CPU.ActiveCfg = Debug|Any CPU
		{D8C894AA-4C0E-4DFB-8475-9199ACB864A8}.Debug|Any CPU.Build.0 = Debug|Any CPU
		{D8C894AA-4C0E-4DFB-8475-9199ACB864A8}.Debug|Mixed Platforms.ActiveCfg = Debug|Any CPU
		{D8C894AA-4C0E-4DFB-8475-9199ACB864A8}.Debug|Mixed Platforms.Build.0 = Debug|Any CPU
		{D8C894AA-4C0E-4DFB-8475-9199ACB864A8}.Debug|x86.ActiveCfg = Debug|x86
		{D8C894AA-4C0E-4DFB-8475-9199ACB864A8}.Debug|x86.Build.0 = Debug|x86
		{D8C894AA-4C0E-4DFB-8475-9199ACB864A8}.Design|Any CPU.ActiveCfg = Debug|Any CPU
		{D8C894AA-4C0E-4DFB-8475-9199ACB864A8}.Design|Any CPU.Build.0 = Debug|Any CPU
		{D8C894AA-4C0E-4DFB-8475-9199ACB864A8}.Design|Mixed Platforms.ActiveCfg = Debug|Any CPU
		{D8C894AA-4C0E-4DFB-8475-9199ACB864A8}.Design|x86.ActiveCfg = Debug|Any CPU
		{D8C894AA-4C0E-4DFB-8475-9199ACB864A8}.GsNotActive|Any CPU.ActiveCfg = Release|Any CPU
		{D8C894AA-4C0E-4DFB-8475-9199ACB864A8}.GsNotActive|Any CPU.Build.0 = Release|Any CPU
		{D8C894AA-4C0E-4DFB-8475-9199ACB864A8}.GsNotActive|Mixed Platforms.ActiveCfg = Release|Any CPU
		{D8C894AA-4C0E-4DFB-8475-9199ACB864A8}.GsNotActive|x86.ActiveCfg = Release|Any CPU
		{D8C894AA-4C0E-4DFB-8475-9199ACB864A8}.Release|Any CPU.ActiveCfg = Release|Any CPU
		{D8C894AA-4C0E-4DFB-8475-9199ACB864A8}.Release|Any CPU.Build.0 = Release|Any CPU
		{D8C894AA-4C0E-4DFB-8475-9199ACB864A8}.Release|Mixed Platforms.ActiveCfg = Release|Any CPU
		{D8C894AA-4C0E-4DFB-8475-9199ACB864A8}.Release|x86.ActiveCfg = Release|Any CPU
		{CD5CA40F-BFB3-455F-B220-6FD7DB147BB1}.Debug - No Documentation|Any CPU.ActiveCfg = Debug|Any CPU
		{CD5CA40F-BFB3-455F-B220-6FD7DB147BB1}.Debug - No Documentation|Any CPU.Build.0 = Debug|Any CPU
		{CD5CA40F-BFB3-455F-B220-6FD7DB147BB1}.Debug - No Documentation|Mixed Platforms.ActiveCfg = Debug|Any CPU
		{CD5CA40F-BFB3-455F-B220-6FD7DB147BB1}.Debug - No Documentation|x86.ActiveCfg = Debug|Any CPU
		{CD5CA40F-BFB3-455F-B220-6FD7DB147BB1}.Debug (No Documentation)|Any CPU.ActiveCfg = Debug|Any CPU
		{CD5CA40F-BFB3-455F-B220-6FD7DB147BB1}.Debug (No Documentation)|Any CPU.Build.0 = Debug|Any CPU
		{CD5CA40F-BFB3-455F-B220-6FD7DB147BB1}.Debug (No Documentation)|Mixed Platforms.ActiveCfg = Debug|Any CPU
		{CD5CA40F-BFB3-455F-B220-6FD7DB147BB1}.Debug (No Documentation)|x86.ActiveCfg = Debug|Any CPU
		{CD5CA40F-BFB3-455F-B220-6FD7DB147BB1}.Debug|Any CPU.ActiveCfg = Debug|Any CPU
		{CD5CA40F-BFB3-455F-B220-6FD7DB147BB1}.Debug|Any CPU.Build.0 = Debug|Any CPU
		{CD5CA40F-BFB3-455F-B220-6FD7DB147BB1}.Debug|Mixed Platforms.ActiveCfg = Debug|Any CPU
		{CD5CA40F-BFB3-455F-B220-6FD7DB147BB1}.Debug|Mixed Platforms.Build.0 = Debug|Any CPU
		{CD5CA40F-BFB3-455F-B220-6FD7DB147BB1}.Debug|x86.ActiveCfg = Debug|x86
		{CD5CA40F-BFB3-455F-B220-6FD7DB147BB1}.Debug|x86.Build.0 = Debug|x86
		{CD5CA40F-BFB3-455F-B220-6FD7DB147BB1}.Design|Any CPU.ActiveCfg = Debug|Any CPU
		{CD5CA40F-BFB3-455F-B220-6FD7DB147BB1}.Design|Any CPU.Build.0 = Debug|Any CPU
		{CD5CA40F-BFB3-455F-B220-6FD7DB147BB1}.Design|Mixed Platforms.ActiveCfg = Debug|Any CPU
		{CD5CA40F-BFB3-455F-B220-6FD7DB147BB1}.Design|x86.ActiveCfg = Debug|Any CPU
		{CD5CA40F-BFB3-455F-B220-6FD7DB147BB1}.GsNotActive|Any CPU.ActiveCfg = Release|Any CPU
		{CD5CA40F-BFB3-455F-B220-6FD7DB147BB1}.GsNotActive|Any CPU.Build.0 = Release|Any CPU
		{CD5CA40F-BFB3-455F-B220-6FD7DB147BB1}.GsNotActive|Mixed Platforms.ActiveCfg = Release|Any CPU
		{CD5CA40F-BFB3-455F-B220-6FD7DB147BB1}.GsNotActive|x86.ActiveCfg = Release|Any CPU
		{CD5CA40F-BFB3-455F-B220-6FD7DB147BB1}.Release|Any CPU.ActiveCfg = Release|Any CPU
		{CD5CA40F-BFB3-455F-B220-6FD7DB147BB1}.Release|Any CPU.Build.0 = Release|Any CPU
		{CD5CA40F-BFB3-455F-B220-6FD7DB147BB1}.Release|Mixed Platforms.ActiveCfg = Release|Any CPU
		{CD5CA40F-BFB3-455F-B220-6FD7DB147BB1}.Release|x86.ActiveCfg = Release|Any CPU
		{9B1A6D35-9D3B-4CBC-BE21-F62E1B42F8F1}.Debug - No Documentation|Any CPU.ActiveCfg = Debug - No Documentation|Any CPU
		{9B1A6D35-9D3B-4CBC-BE21-F62E1B42F8F1}.Debug - No Documentation|Any CPU.Build.0 = Debug - No Documentation|Any CPU
		{9B1A6D35-9D3B-4CBC-BE21-F62E1B42F8F1}.Debug - No Documentation|Mixed Platforms.ActiveCfg = Debug - No Documentation|Any CPU
		{9B1A6D35-9D3B-4CBC-BE21-F62E1B42F8F1}.Debug - No Documentation|x86.ActiveCfg = Debug - No Documentation|Any CPU
		{9B1A6D35-9D3B-4CBC-BE21-F62E1B42F8F1}.Debug (No Documentation)|Any CPU.ActiveCfg = Debug (No Documentation)|Any CPU
		{9B1A6D35-9D3B-4CBC-BE21-F62E1B42F8F1}.Debug (No Documentation)|Any CPU.Build.0 = Debug (No Documentation)|Any CPU
		{9B1A6D35-9D3B-4CBC-BE21-F62E1B42F8F1}.Debug (No Documentation)|Mixed Platforms.ActiveCfg = Debug (No Documentation)|Any CPU
		{9B1A6D35-9D3B-4CBC-BE21-F62E1B42F8F1}.Debug (No Documentation)|x86.ActiveCfg = Debug (No Documentation)|Any CPU
		{9B1A6D35-9D3B-4CBC-BE21-F62E1B42F8F1}.Debug|Any CPU.ActiveCfg = Debug|Any CPU
		{9B1A6D35-9D3B-4CBC-BE21-F62E1B42F8F1}.Debug|Any CPU.Build.0 = Debug|Any CPU
		{9B1A6D35-9D3B-4CBC-BE21-F62E1B42F8F1}.Debug|Mixed Platforms.ActiveCfg = Debug|Any CPU
		{9B1A6D35-9D3B-4CBC-BE21-F62E1B42F8F1}.Debug|Mixed Platforms.Build.0 = Debug|Any CPU
		{9B1A6D35-9D3B-4CBC-BE21-F62E1B42F8F1}.Debug|x86.ActiveCfg = Debug|x86
		{9B1A6D35-9D3B-4CBC-BE21-F62E1B42F8F1}.Debug|x86.Build.0 = Debug|x86
		{9B1A6D35-9D3B-4CBC-BE21-F62E1B42F8F1}.Design|Any CPU.ActiveCfg = Design|Any CPU
		{9B1A6D35-9D3B-4CBC-BE21-F62E1B42F8F1}.Design|Any CPU.Build.0 = Design|Any CPU
		{9B1A6D35-9D3B-4CBC-BE21-F62E1B42F8F1}.Design|Mixed Platforms.ActiveCfg = Design|Any CPU
		{9B1A6D35-9D3B-4CBC-BE21-F62E1B42F8F1}.Design|x86.ActiveCfg = Design|Any CPU
		{9B1A6D35-9D3B-4CBC-BE21-F62E1B42F8F1}.GsNotActive|Any CPU.ActiveCfg = Debug (No Documentation)|Any CPU
		{9B1A6D35-9D3B-4CBC-BE21-F62E1B42F8F1}.GsNotActive|Any CPU.Build.0 = Debug (No Documentation)|Any CPU
		{9B1A6D35-9D3B-4CBC-BE21-F62E1B42F8F1}.GsNotActive|Mixed Platforms.ActiveCfg = Release|Any CPU
		{9B1A6D35-9D3B-4CBC-BE21-F62E1B42F8F1}.GsNotActive|x86.ActiveCfg = Release|Any CPU
		{9B1A6D35-9D3B-4CBC-BE21-F62E1B42F8F1}.Release|Any CPU.ActiveCfg = Release|Any CPU
		{9B1A6D35-9D3B-4CBC-BE21-F62E1B42F8F1}.Release|Any CPU.Build.0 = Release|Any CPU
		{9B1A6D35-9D3B-4CBC-BE21-F62E1B42F8F1}.Release|Mixed Platforms.ActiveCfg = Release|Any CPU
		{9B1A6D35-9D3B-4CBC-BE21-F62E1B42F8F1}.Release|x86.ActiveCfg = Release|Any CPU
		{17AE1E7F-64C3-4CF4-AFDC-E0D9D5F50742}.Debug - No Documentation|Any CPU.ActiveCfg = Debug|Any CPU
		{17AE1E7F-64C3-4CF4-AFDC-E0D9D5F50742}.Debug - No Documentation|Any CPU.Build.0 = Debug|Any CPU
		{17AE1E7F-64C3-4CF4-AFDC-E0D9D5F50742}.Debug - No Documentation|Mixed Platforms.ActiveCfg = Debug|Any CPU
		{17AE1E7F-64C3-4CF4-AFDC-E0D9D5F50742}.Debug - No Documentation|x86.ActiveCfg = Debug|Any CPU
		{17AE1E7F-64C3-4CF4-AFDC-E0D9D5F50742}.Debug (No Documentation)|Any CPU.ActiveCfg = Debug|Any CPU
		{17AE1E7F-64C3-4CF4-AFDC-E0D9D5F50742}.Debug (No Documentation)|Any CPU.Build.0 = Debug|Any CPU
		{17AE1E7F-64C3-4CF4-AFDC-E0D9D5F50742}.Debug (No Documentation)|Mixed Platforms.ActiveCfg = Debug|Any CPU
		{17AE1E7F-64C3-4CF4-AFDC-E0D9D5F50742}.Debug (No Documentation)|x86.ActiveCfg = Debug|Any CPU
		{17AE1E7F-64C3-4CF4-AFDC-E0D9D5F50742}.Debug|Any CPU.ActiveCfg = Debug|Any CPU
		{17AE1E7F-64C3-4CF4-AFDC-E0D9D5F50742}.Debug|Any CPU.Build.0 = Debug|Any CPU
		{17AE1E7F-64C3-4CF4-AFDC-E0D9D5F50742}.Debug|Mixed Platforms.ActiveCfg = Debug|Any CPU
		{17AE1E7F-64C3-4CF4-AFDC-E0D9D5F50742}.Debug|Mixed Platforms.Build.0 = Debug|Any CPU
		{17AE1E7F-64C3-4CF4-AFDC-E0D9D5F50742}.Debug|x86.ActiveCfg = Debug|x86
		{17AE1E7F-64C3-4CF4-AFDC-E0D9D5F50742}.Debug|x86.Build.0 = Debug|x86
		{17AE1E7F-64C3-4CF4-AFDC-E0D9D5F50742}.Design|Any CPU.ActiveCfg = Debug|Any CPU
		{17AE1E7F-64C3-4CF4-AFDC-E0D9D5F50742}.Design|Any CPU.Build.0 = Debug|Any CPU
		{17AE1E7F-64C3-4CF4-AFDC-E0D9D5F50742}.Design|Mixed Platforms.ActiveCfg = Debug|Any CPU
		{17AE1E7F-64C3-4CF4-AFDC-E0D9D5F50742}.Design|x86.ActiveCfg = Debug|Any CPU
		{17AE1E7F-64C3-4CF4-AFDC-E0D9D5F50742}.GsNotActive|Any CPU.ActiveCfg = Release|Any CPU
		{17AE1E7F-64C3-4CF4-AFDC-E0D9D5F50742}.GsNotActive|Any CPU.Build.0 = Release|Any CPU
		{17AE1E7F-64C3-4CF4-AFDC-E0D9D5F50742}.GsNotActive|Mixed Platforms.ActiveCfg = Release|Any CPU
		{17AE1E7F-64C3-4CF4-AFDC-E0D9D5F50742}.GsNotActive|x86.ActiveCfg = Release|Any CPU
		{17AE1E7F-64C3-4CF4-AFDC-E0D9D5F50742}.Release|Any CPU.ActiveCfg = Release|Any CPU
		{17AE1E7F-64C3-4CF4-AFDC-E0D9D5F50742}.Release|Any CPU.Build.0 = Release|Any CPU
		{17AE1E7F-64C3-4CF4-AFDC-E0D9D5F50742}.Release|Mixed Platforms.ActiveCfg = Release|Any CPU
		{17AE1E7F-64C3-4CF4-AFDC-E0D9D5F50742}.Release|x86.ActiveCfg = Release|Any CPU
		{7F080283-FC4E-4EC2-8F0B-0AAEAA509DE3}.Debug - No Documentation|Any CPU.ActiveCfg = Debug|Any CPU
		{7F080283-FC4E-4EC2-8F0B-0AAEAA509DE3}.Debug - No Documentation|Any CPU.Build.0 = Debug|Any CPU
		{7F080283-FC4E-4EC2-8F0B-0AAEAA509DE3}.Debug - No Documentation|Mixed Platforms.ActiveCfg = Debug|Any CPU
		{7F080283-FC4E-4EC2-8F0B-0AAEAA509DE3}.Debug - No Documentation|x86.ActiveCfg = Debug|Any CPU
		{7F080283-FC4E-4EC2-8F0B-0AAEAA509DE3}.Debug (No Documentation)|Any CPU.ActiveCfg = Debug|Any CPU
		{7F080283-FC4E-4EC2-8F0B-0AAEAA509DE3}.Debug (No Documentation)|Any CPU.Build.0 = Debug|Any CPU
		{7F080283-FC4E-4EC2-8F0B-0AAEAA509DE3}.Debug (No Documentation)|Mixed Platforms.ActiveCfg = Debug|Any CPU
		{7F080283-FC4E-4EC2-8F0B-0AAEAA509DE3}.Debug (No Documentation)|x86.ActiveCfg = Debug|Any CPU
		{7F080283-FC4E-4EC2-8F0B-0AAEAA509DE3}.Debug|Any CPU.ActiveCfg = Debug|Any CPU
		{7F080283-FC4E-4EC2-8F0B-0AAEAA509DE3}.Debug|Any CPU.Build.0 = Debug|Any CPU
		{7F080283-FC4E-4EC2-8F0B-0AAEAA509DE3}.Debug|Mixed Platforms.ActiveCfg = Debug|Any CPU
		{7F080283-FC4E-4EC2-8F0B-0AAEAA509DE3}.Debug|Mixed Platforms.Build.0 = Debug|Any CPU
		{7F080283-FC4E-4EC2-8F0B-0AAEAA509DE3}.Debug|x86.ActiveCfg = Debug|x86
		{7F080283-FC4E-4EC2-8F0B-0AAEAA509DE3}.Debug|x86.Build.0 = Debug|x86
		{7F080283-FC4E-4EC2-8F0B-0AAEAA509DE3}.Design|Any CPU.ActiveCfg = Debug|Any CPU
		{7F080283-FC4E-4EC2-8F0B-0AAEAA509DE3}.Design|Any CPU.Build.0 = Debug|Any CPU
		{7F080283-FC4E-4EC2-8F0B-0AAEAA509DE3}.Design|Mixed Platforms.ActiveCfg = Debug|Any CPU
		{7F080283-FC4E-4EC2-8F0B-0AAEAA509DE3}.Design|x86.ActiveCfg = Debug|Any CPU
		{7F080283-FC4E-4EC2-8F0B-0AAEAA509DE3}.GsNotActive|Any CPU.ActiveCfg = Release|Any CPU
		{7F080283-FC4E-4EC2-8F0B-0AAEAA509DE3}.GsNotActive|Any CPU.Build.0 = Release|Any CPU
		{7F080283-FC4E-4EC2-8F0B-0AAEAA509DE3}.GsNotActive|Mixed Platforms.ActiveCfg = Release|Any CPU
		{7F080283-FC4E-4EC2-8F0B-0AAEAA509DE3}.GsNotActive|x86.ActiveCfg = Release|Any CPU
		{7F080283-FC4E-4EC2-8F0B-0AAEAA509DE3}.Release|Any CPU.ActiveCfg = Release|Any CPU
		{7F080283-FC4E-4EC2-8F0B-0AAEAA509DE3}.Release|Any CPU.Build.0 = Release|Any CPU
		{7F080283-FC4E-4EC2-8F0B-0AAEAA509DE3}.Release|Mixed Platforms.ActiveCfg = Release|Any CPU
		{7F080283-FC4E-4EC2-8F0B-0AAEAA509DE3}.Release|x86.ActiveCfg = Release|Any CPU
		{A2EF148D-96BB-4CFC-8F29-334E51AFA33B}.Debug - No Documentation|Any CPU.ActiveCfg = Debug|Any CPU
		{A2EF148D-96BB-4CFC-8F29-334E51AFA33B}.Debug - No Documentation|Any CPU.Build.0 = Debug|Any CPU
		{A2EF148D-96BB-4CFC-8F29-334E51AFA33B}.Debug - No Documentation|Mixed Platforms.ActiveCfg = Debug|Any CPU
		{A2EF148D-96BB-4CFC-8F29-334E51AFA33B}.Debug - No Documentation|x86.ActiveCfg = Debug|Any CPU
		{A2EF148D-96BB-4CFC-8F29-334E51AFA33B}.Debug (No Documentation)|Any CPU.ActiveCfg = Debug|Any CPU
		{A2EF148D-96BB-4CFC-8F29-334E51AFA33B}.Debug (No Documentation)|Any CPU.Build.0 = Debug|Any CPU
		{A2EF148D-96BB-4CFC-8F29-334E51AFA33B}.Debug (No Documentation)|Mixed Platforms.ActiveCfg = Debug|Any CPU
		{A2EF148D-96BB-4CFC-8F29-334E51AFA33B}.Debug (No Documentation)|x86.ActiveCfg = Debug|Any CPU
		{A2EF148D-96BB-4CFC-8F29-334E51AFA33B}.Debug|Any CPU.ActiveCfg = Debug|Any CPU
		{A2EF148D-96BB-4CFC-8F29-334E51AFA33B}.Debug|Any CPU.Build.0 = Debug|Any CPU
		{A2EF148D-96BB-4CFC-8F29-334E51AFA33B}.Debug|Mixed Platforms.ActiveCfg = Debug|Any CPU
		{A2EF148D-96BB-4CFC-8F29-334E51AFA33B}.Debug|x86.ActiveCfg = Debug|x86
		{A2EF148D-96BB-4CFC-8F29-334E51AFA33B}.Debug|x86.Build.0 = Debug|x86
		{A2EF148D-96BB-4CFC-8F29-334E51AFA33B}.Design|Any CPU.ActiveCfg = Debug|Any CPU
		{A2EF148D-96BB-4CFC-8F29-334E51AFA33B}.Design|Any CPU.Build.0 = Debug|Any CPU
		{A2EF148D-96BB-4CFC-8F29-334E51AFA33B}.Design|Mixed Platforms.ActiveCfg = Debug|Any CPU
		{A2EF148D-96BB-4CFC-8F29-334E51AFA33B}.Design|x86.ActiveCfg = Debug|Any CPU
		{A2EF148D-96BB-4CFC-8F29-334E51AFA33B}.GsNotActive|Any CPU.ActiveCfg = Release|Any CPU
		{A2EF148D-96BB-4CFC-8F29-334E51AFA33B}.GsNotActive|Any CPU.Build.0 = Release|Any CPU
		{A2EF148D-96BB-4CFC-8F29-334E51AFA33B}.GsNotActive|Mixed Platforms.ActiveCfg = Release|Any CPU
		{A2EF148D-96BB-4CFC-8F29-334E51AFA33B}.GsNotActive|x86.ActiveCfg = Release|Any CPU
		{A2EF148D-96BB-4CFC-8F29-334E51AFA33B}.Release|Any CPU.ActiveCfg = Release|Any CPU
		{A2EF148D-96BB-4CFC-8F29-334E51AFA33B}.Release|Any CPU.Build.0 = Release|Any CPU
		{A2EF148D-96BB-4CFC-8F29-334E51AFA33B}.Release|Mixed Platforms.ActiveCfg = Release|Any CPU
		{A2EF148D-96BB-4CFC-8F29-334E51AFA33B}.Release|x86.ActiveCfg = Release|Any CPU
		{DD3DE0CA-C0DA-4E05-A317-71F155558929}.Debug - No Documentation|Any CPU.ActiveCfg = Debug|Any CPU
		{DD3DE0CA-C0DA-4E05-A317-71F155558929}.Debug - No Documentation|Any CPU.Build.0 = Debug|Any CPU
		{DD3DE0CA-C0DA-4E05-A317-71F155558929}.Debug - No Documentation|Mixed Platforms.ActiveCfg = Debug|Any CPU
		{DD3DE0CA-C0DA-4E05-A317-71F155558929}.Debug - No Documentation|x86.ActiveCfg = Debug|Any CPU
		{DD3DE0CA-C0DA-4E05-A317-71F155558929}.Debug (No Documentation)|Any CPU.ActiveCfg = Debug|Any CPU
		{DD3DE0CA-C0DA-4E05-A317-71F155558929}.Debug (No Documentation)|Any CPU.Build.0 = Debug|Any CPU
		{DD3DE0CA-C0DA-4E05-A317-71F155558929}.Debug (No Documentation)|Mixed Platforms.ActiveCfg = Debug|Any CPU
		{DD3DE0CA-C0DA-4E05-A317-71F155558929}.Debug (No Documentation)|x86.ActiveCfg = Debug|Any CPU
		{DD3DE0CA-C0DA-4E05-A317-71F155558929}.Debug|Any CPU.ActiveCfg = Debug|Any CPU
		{DD3DE0CA-C0DA-4E05-A317-71F155558929}.Debug|Any CPU.Build.0 = Debug|Any CPU
		{DD3DE0CA-C0DA-4E05-A317-71F155558929}.Debug|Mixed Platforms.ActiveCfg = Debug|Any CPU
		{DD3DE0CA-C0DA-4E05-A317-71F155558929}.Debug|Mixed Platforms.Build.0 = Debug|Any CPU
		{DD3DE0CA-C0DA-4E05-A317-71F155558929}.Debug|x86.ActiveCfg = Debug|x86
		{DD3DE0CA-C0DA-4E05-A317-71F155558929}.Debug|x86.Build.0 = Debug|x86
		{DD3DE0CA-C0DA-4E05-A317-71F155558929}.Design|Any CPU.ActiveCfg = Debug|Any CPU
		{DD3DE0CA-C0DA-4E05-A317-71F155558929}.Design|Any CPU.Build.0 = Debug|Any CPU
		{DD3DE0CA-C0DA-4E05-A317-71F155558929}.Design|Mixed Platforms.ActiveCfg = Debug|Any CPU
		{DD3DE0CA-C0DA-4E05-A317-71F155558929}.Design|x86.ActiveCfg = Debug|Any CPU
		{DD3DE0CA-C0DA-4E05-A317-71F155558929}.GsNotActive|Any CPU.ActiveCfg = Release|Any CPU
		{DD3DE0CA-C0DA-4E05-A317-71F155558929}.GsNotActive|Any CPU.Build.0 = Release|Any CPU
		{DD3DE0CA-C0DA-4E05-A317-71F155558929}.GsNotActive|Mixed Platforms.ActiveCfg = Release|Any CPU
		{DD3DE0CA-C0DA-4E05-A317-71F155558929}.GsNotActive|x86.ActiveCfg = Release|Any CPU
		{DD3DE0CA-C0DA-4E05-A317-71F155558929}.Release|Any CPU.ActiveCfg = Release|Any CPU
		{DD3DE0CA-C0DA-4E05-A317-71F155558929}.Release|Any CPU.Build.0 = Release|Any CPU
		{DD3DE0CA-C0DA-4E05-A317-71F155558929}.Release|Mixed Platforms.ActiveCfg = Release|Any CPU
		{DD3DE0CA-C0DA-4E05-A317-71F155558929}.Release|x86.ActiveCfg = Release|Any CPU
		{CB5AEFE1-8DE5-4FD1-B2D6-31F5C381B842}.Debug - No Documentation|Any CPU.ActiveCfg = Debug|Any CPU
		{CB5AEFE1-8DE5-4FD1-B2D6-31F5C381B842}.Debug - No Documentation|Any CPU.Build.0 = Debug|Any CPU
		{CB5AEFE1-8DE5-4FD1-B2D6-31F5C381B842}.Debug - No Documentation|Mixed Platforms.ActiveCfg = Debug|Any CPU
		{CB5AEFE1-8DE5-4FD1-B2D6-31F5C381B842}.Debug - No Documentation|Mixed Platforms.Build.0 = Debug|Any CPU
		{CB5AEFE1-8DE5-4FD1-B2D6-31F5C381B842}.Debug - No Documentation|x86.ActiveCfg = Debug|Any CPU
		{CB5AEFE1-8DE5-4FD1-B2D6-31F5C381B842}.Debug (No Documentation)|Any CPU.ActiveCfg = Debug|Any CPU
		{CB5AEFE1-8DE5-4FD1-B2D6-31F5C381B842}.Debug (No Documentation)|Any CPU.Build.0 = Debug|Any CPU
		{CB5AEFE1-8DE5-4FD1-B2D6-31F5C381B842}.Debug (No Documentation)|Mixed Platforms.ActiveCfg = Debug|Any CPU
		{CB5AEFE1-8DE5-4FD1-B2D6-31F5C381B842}.Debug (No Documentation)|Mixed Platforms.Build.0 = Debug|Any CPU
		{CB5AEFE1-8DE5-4FD1-B2D6-31F5C381B842}.Debug (No Documentation)|x86.ActiveCfg = Debug|Any CPU
		{CB5AEFE1-8DE5-4FD1-B2D6-31F5C381B842}.Debug|Any CPU.ActiveCfg = Debug|Any CPU
		{CB5AEFE1-8DE5-4FD1-B2D6-31F5C381B842}.Debug|Any CPU.Build.0 = Debug|Any CPU
		{CB5AEFE1-8DE5-4FD1-B2D6-31F5C381B842}.Debug|Mixed Platforms.ActiveCfg = Debug|Any CPU
		{CB5AEFE1-8DE5-4FD1-B2D6-31F5C381B842}.Debug|Mixed Platforms.Build.0 = Debug|Any CPU
		{CB5AEFE1-8DE5-4FD1-B2D6-31F5C381B842}.Debug|x86.ActiveCfg = Debug|x86
		{CB5AEFE1-8DE5-4FD1-B2D6-31F5C381B842}.Debug|x86.Build.0 = Debug|x86
		{CB5AEFE1-8DE5-4FD1-B2D6-31F5C381B842}.Design|Any CPU.ActiveCfg = Debug|Any CPU
		{CB5AEFE1-8DE5-4FD1-B2D6-31F5C381B842}.Design|Any CPU.Build.0 = Debug|Any CPU
		{CB5AEFE1-8DE5-4FD1-B2D6-31F5C381B842}.Design|Mixed Platforms.ActiveCfg = Debug|Any CPU
		{CB5AEFE1-8DE5-4FD1-B2D6-31F5C381B842}.Design|Mixed Platforms.Build.0 = Debug|Any CPU
		{CB5AEFE1-8DE5-4FD1-B2D6-31F5C381B842}.Design|x86.ActiveCfg = Debug|Any CPU
		{CB5AEFE1-8DE5-4FD1-B2D6-31F5C381B842}.GsNotActive|Any CPU.ActiveCfg = Release|Any CPU
		{CB5AEFE1-8DE5-4FD1-B2D6-31F5C381B842}.GsNotActive|Any CPU.Build.0 = Release|Any CPU
		{CB5AEFE1-8DE5-4FD1-B2D6-31F5C381B842}.GsNotActive|Mixed Platforms.ActiveCfg = Release|Any CPU
		{CB5AEFE1-8DE5-4FD1-B2D6-31F5C381B842}.GsNotActive|Mixed Platforms.Build.0 = Release|Any CPU
		{CB5AEFE1-8DE5-4FD1-B2D6-31F5C381B842}.GsNotActive|x86.ActiveCfg = Release|Any CPU
		{CB5AEFE1-8DE5-4FD1-B2D6-31F5C381B842}.Release|Any CPU.ActiveCfg = Release|Any CPU
		{CB5AEFE1-8DE5-4FD1-B2D6-31F5C381B842}.Release|Any CPU.Build.0 = Release|Any CPU
		{CB5AEFE1-8DE5-4FD1-B2D6-31F5C381B842}.Release|Mixed Platforms.ActiveCfg = Release|Any CPU
		{CB5AEFE1-8DE5-4FD1-B2D6-31F5C381B842}.Release|Mixed Platforms.Build.0 = Release|Any CPU
		{CB5AEFE1-8DE5-4FD1-B2D6-31F5C381B842}.Release|x86.ActiveCfg = Release|Any CPU
		{53392007-ABFB-4B07-B413-5351D958F630}.Debug - No Documentation|Any CPU.ActiveCfg = Debug (No Documentation)|Any CPU
		{53392007-ABFB-4B07-B413-5351D958F630}.Debug - No Documentation|Any CPU.Build.0 = Debug (No Documentation)|Any CPU
		{53392007-ABFB-4B07-B413-5351D958F630}.Debug - No Documentation|Mixed Platforms.ActiveCfg = Debug (No Documentation)|Any CPU
		{53392007-ABFB-4B07-B413-5351D958F630}.Debug - No Documentation|Mixed Platforms.Build.0 = Debug (No Documentation)|Any CPU
		{53392007-ABFB-4B07-B413-5351D958F630}.Debug - No Documentation|x86.ActiveCfg = Debug (No Documentation)|Any CPU
		{53392007-ABFB-4B07-B413-5351D958F630}.Debug (No Documentation)|Any CPU.ActiveCfg = Debug (No Documentation)|Any CPU
		{53392007-ABFB-4B07-B413-5351D958F630}.Debug (No Documentation)|Any CPU.Build.0 = Debug (No Documentation)|Any CPU
		{53392007-ABFB-4B07-B413-5351D958F630}.Debug (No Documentation)|Mixed Platforms.ActiveCfg = Debug (No Documentation)|Any CPU
		{53392007-ABFB-4B07-B413-5351D958F630}.Debug (No Documentation)|Mixed Platforms.Build.0 = Debug (No Documentation)|Any CPU
		{53392007-ABFB-4B07-B413-5351D958F630}.Debug (No Documentation)|x86.ActiveCfg = Debug (No Documentation)|Any CPU
		{53392007-ABFB-4B07-B413-5351D958F630}.Debug|Any CPU.ActiveCfg = Debug|Any CPU
		{53392007-ABFB-4B07-B413-5351D958F630}.Debug|Any CPU.Build.0 = Debug|Any CPU
		{53392007-ABFB-4B07-B413-5351D958F630}.Debug|Mixed Platforms.ActiveCfg = Debug|Any CPU
		{53392007-ABFB-4B07-B413-5351D958F630}.Debug|Mixed Platforms.Build.0 = Debug|Any CPU
		{53392007-ABFB-4B07-B413-5351D958F630}.Debug|x86.ActiveCfg = Debug|Any CPU
		{53392007-ABFB-4B07-B413-5351D958F630}.Debug|x86.Build.0 = Debug|Any CPU
		{53392007-ABFB-4B07-B413-5351D958F630}.Design|Any CPU.ActiveCfg = Debug (No Documentation)|Any CPU
		{53392007-ABFB-4B07-B413-5351D958F630}.Design|Any CPU.Build.0 = Debug (No Documentation)|Any CPU
		{53392007-ABFB-4B07-B413-5351D958F630}.Design|Mixed Platforms.ActiveCfg = Debug (No Documentation)|Any CPU
		{53392007-ABFB-4B07-B413-5351D958F630}.Design|Mixed Platforms.Build.0 = Debug (No Documentation)|Any CPU
		{53392007-ABFB-4B07-B413-5351D958F630}.Design|x86.ActiveCfg = Debug (No Documentation)|Any CPU
		{53392007-ABFB-4B07-B413-5351D958F630}.GsNotActive|Any CPU.ActiveCfg = Debug (No Documentation)|Any CPU
		{53392007-ABFB-4B07-B413-5351D958F630}.GsNotActive|Any CPU.Build.0 = Debug (No Documentation)|Any CPU
		{53392007-ABFB-4B07-B413-5351D958F630}.GsNotActive|Mixed Platforms.ActiveCfg = Debug (No Documentation)|Any CPU
		{53392007-ABFB-4B07-B413-5351D958F630}.GsNotActive|Mixed Platforms.Build.0 = Debug (No Documentation)|Any CPU
		{53392007-ABFB-4B07-B413-5351D958F630}.GsNotActive|x86.ActiveCfg = Debug (No Documentation)|Any CPU
		{53392007-ABFB-4B07-B413-5351D958F630}.Release|Any CPU.ActiveCfg = Release|Any CPU
		{53392007-ABFB-4B07-B413-5351D958F630}.Release|Any CPU.Build.0 = Release|Any CPU
		{53392007-ABFB-4B07-B413-5351D958F630}.Release|Mixed Platforms.ActiveCfg = Release|Any CPU
		{53392007-ABFB-4B07-B413-5351D958F630}.Release|Mixed Platforms.Build.0 = Release|Any CPU
		{53392007-ABFB-4B07-B413-5351D958F630}.Release|x86.ActiveCfg = Release|Any CPU
		{ADD4A45C-9E8F-4553-A294-99734A6BAC2B}.Debug - No Documentation|Any CPU.ActiveCfg = Debug - No Documentation|Any CPU
		{ADD4A45C-9E8F-4553-A294-99734A6BAC2B}.Debug - No Documentation|Any CPU.Build.0 = Debug - No Documentation|Any CPU
		{ADD4A45C-9E8F-4553-A294-99734A6BAC2B}.Debug - No Documentation|Mixed Platforms.ActiveCfg = Debug - No Documentation|Any CPU
		{ADD4A45C-9E8F-4553-A294-99734A6BAC2B}.Debug - No Documentation|Mixed Platforms.Build.0 = Debug - No Documentation|Any CPU
		{ADD4A45C-9E8F-4553-A294-99734A6BAC2B}.Debug - No Documentation|x86.ActiveCfg = Debug - No Documentation|Any CPU
		{ADD4A45C-9E8F-4553-A294-99734A6BAC2B}.Debug (No Documentation)|Any CPU.ActiveCfg = Debug - No Documentation|Any CPU
		{ADD4A45C-9E8F-4553-A294-99734A6BAC2B}.Debug (No Documentation)|Any CPU.Build.0 = Debug - No Documentation|Any CPU
		{ADD4A45C-9E8F-4553-A294-99734A6BAC2B}.Debug (No Documentation)|Mixed Platforms.ActiveCfg = Debug - No Documentation|Any CPU
		{ADD4A45C-9E8F-4553-A294-99734A6BAC2B}.Debug (No Documentation)|Mixed Platforms.Build.0 = Debug - No Documentation|Any CPU
		{ADD4A45C-9E8F-4553-A294-99734A6BAC2B}.Debug (No Documentation)|x86.ActiveCfg = Debug - No Documentation|Any CPU
		{ADD4A45C-9E8F-4553-A294-99734A6BAC2B}.Debug|Any CPU.ActiveCfg = Debug|Any CPU
		{ADD4A45C-9E8F-4553-A294-99734A6BAC2B}.Debug|Any CPU.Build.0 = Debug|Any CPU
		{ADD4A45C-9E8F-4553-A294-99734A6BAC2B}.Debug|Mixed Platforms.ActiveCfg = Debug|Any CPU
		{ADD4A45C-9E8F-4553-A294-99734A6BAC2B}.Debug|Mixed Platforms.Build.0 = Debug|Any CPU
		{ADD4A45C-9E8F-4553-A294-99734A6BAC2B}.Debug|x86.ActiveCfg = Debug|Any CPU
		{ADD4A45C-9E8F-4553-A294-99734A6BAC2B}.Debug|x86.Build.0 = Debug|Any CPU
		{ADD4A45C-9E8F-4553-A294-99734A6BAC2B}.Design|Any CPU.ActiveCfg = Debug - No Documentation|Any CPU
		{ADD4A45C-9E8F-4553-A294-99734A6BAC2B}.Design|Any CPU.Build.0 = Debug - No Documentation|Any CPU
		{ADD4A45C-9E8F-4553-A294-99734A6BAC2B}.Design|Mixed Platforms.ActiveCfg = Debug - No Documentation|Any CPU
		{ADD4A45C-9E8F-4553-A294-99734A6BAC2B}.Design|Mixed Platforms.Build.0 = Debug - No Documentation|Any CPU
		{ADD4A45C-9E8F-4553-A294-99734A6BAC2B}.Design|x86.ActiveCfg = Debug - No Documentation|Any CPU
		{ADD4A45C-9E8F-4553-A294-99734A6BAC2B}.GsNotActive|Any CPU.ActiveCfg = Debug - No Documentation|Any CPU
		{ADD4A45C-9E8F-4553-A294-99734A6BAC2B}.GsNotActive|Any CPU.Build.0 = Debug - No Documentation|Any CPU
		{ADD4A45C-9E8F-4553-A294-99734A6BAC2B}.GsNotActive|Mixed Platforms.ActiveCfg = Debug - No Documentation|Any CPU
		{ADD4A45C-9E8F-4553-A294-99734A6BAC2B}.GsNotActive|Mixed Platforms.Build.0 = Debug - No Documentation|Any CPU
		{ADD4A45C-9E8F-4553-A294-99734A6BAC2B}.GsNotActive|x86.ActiveCfg = Debug - No Documentation|Any CPU
		{ADD4A45C-9E8F-4553-A294-99734A6BAC2B}.Release|Any CPU.ActiveCfg = Release|Any CPU
		{ADD4A45C-9E8F-4553-A294-99734A6BAC2B}.Release|Any CPU.Build.0 = Release|Any CPU
		{ADD4A45C-9E8F-4553-A294-99734A6BAC2B}.Release|Mixed Platforms.ActiveCfg = Release|Any CPU
		{ADD4A45C-9E8F-4553-A294-99734A6BAC2B}.Release|Mixed Platforms.Build.0 = Release|Any CPU
		{ADD4A45C-9E8F-4553-A294-99734A6BAC2B}.Release|x86.ActiveCfg = Release|Any CPU
		{186BBE9E-9342-405A-BFBE-1A8F752BE325}.Debug - No Documentation|Any CPU.ActiveCfg = Debug|Any CPU
		{186BBE9E-9342-405A-BFBE-1A8F752BE325}.Debug - No Documentation|Any CPU.Build.0 = Debug|Any CPU
		{186BBE9E-9342-405A-BFBE-1A8F752BE325}.Debug - No Documentation|Mixed Platforms.ActiveCfg = Debug|Any CPU
		{186BBE9E-9342-405A-BFBE-1A8F752BE325}.Debug - No Documentation|Mixed Platforms.Build.0 = Debug|Any CPU
		{186BBE9E-9342-405A-BFBE-1A8F752BE325}.Debug - No Documentation|x86.ActiveCfg = Debug|Any CPU
		{186BBE9E-9342-405A-BFBE-1A8F752BE325}.Debug (No Documentation)|Any CPU.ActiveCfg = Debug|Any CPU
		{186BBE9E-9342-405A-BFBE-1A8F752BE325}.Debug (No Documentation)|Any CPU.Build.0 = Debug|Any CPU
		{186BBE9E-9342-405A-BFBE-1A8F752BE325}.Debug (No Documentation)|Mixed Platforms.ActiveCfg = Debug|Any CPU
		{186BBE9E-9342-405A-BFBE-1A8F752BE325}.Debug (No Documentation)|Mixed Platforms.Build.0 = Debug|Any CPU
		{186BBE9E-9342-405A-BFBE-1A8F752BE325}.Debug (No Documentation)|x86.ActiveCfg = Debug|Any CPU
		{186BBE9E-9342-405A-BFBE-1A8F752BE325}.Debug|Any CPU.ActiveCfg = Debug|Any CPU
		{186BBE9E-9342-405A-BFBE-1A8F752BE325}.Debug|Any CPU.Build.0 = Debug|Any CPU
		{186BBE9E-9342-405A-BFBE-1A8F752BE325}.Debug|Mixed Platforms.ActiveCfg = Debug|Any CPU
		{186BBE9E-9342-405A-BFBE-1A8F752BE325}.Debug|Mixed Platforms.Build.0 = Debug|Any CPU
		{186BBE9E-9342-405A-BFBE-1A8F752BE325}.Debug|x86.ActiveCfg = Debug|Any CPU
		{186BBE9E-9342-405A-BFBE-1A8F752BE325}.Design|Any CPU.ActiveCfg = Debug|Any CPU
		{186BBE9E-9342-405A-BFBE-1A8F752BE325}.Design|Any CPU.Build.0 = Debug|Any CPU
		{186BBE9E-9342-405A-BFBE-1A8F752BE325}.Design|Mixed Platforms.ActiveCfg = Debug|Any CPU
		{186BBE9E-9342-405A-BFBE-1A8F752BE325}.Design|Mixed Platforms.Build.0 = Debug|Any CPU
		{186BBE9E-9342-405A-BFBE-1A8F752BE325}.Design|x86.ActiveCfg = Debug|Any CPU
		{186BBE9E-9342-405A-BFBE-1A8F752BE325}.GsNotActive|Any CPU.ActiveCfg = Release|Any CPU
		{186BBE9E-9342-405A-BFBE-1A8F752BE325}.GsNotActive|Any CPU.Build.0 = Release|Any CPU
		{186BBE9E-9342-405A-BFBE-1A8F752BE325}.GsNotActive|Mixed Platforms.ActiveCfg = Release|Any CPU
		{186BBE9E-9342-405A-BFBE-1A8F752BE325}.GsNotActive|Mixed Platforms.Build.0 = Release|Any CPU
		{186BBE9E-9342-405A-BFBE-1A8F752BE325}.GsNotActive|x86.ActiveCfg = Release|Any CPU
		{186BBE9E-9342-405A-BFBE-1A8F752BE325}.Release|Any CPU.ActiveCfg = Release|Any CPU
		{186BBE9E-9342-405A-BFBE-1A8F752BE325}.Release|Any CPU.Build.0 = Release|Any CPU
		{186BBE9E-9342-405A-BFBE-1A8F752BE325}.Release|Mixed Platforms.ActiveCfg = Release|Any CPU
		{186BBE9E-9342-405A-BFBE-1A8F752BE325}.Release|Mixed Platforms.Build.0 = Release|Any CPU
		{186BBE9E-9342-405A-BFBE-1A8F752BE325}.Release|x86.ActiveCfg = Release|Any CPU
		{6FEA33B2-6C51-4CDD-923D-9CE0BC8CF1B0}.Debug - No Documentation|Any CPU.ActiveCfg = Debug|Any CPU
		{6FEA33B2-6C51-4CDD-923D-9CE0BC8CF1B0}.Debug - No Documentation|Any CPU.Build.0 = Debug|Any CPU
		{6FEA33B2-6C51-4CDD-923D-9CE0BC8CF1B0}.Debug - No Documentation|Mixed Platforms.ActiveCfg = Debug|x86
		{6FEA33B2-6C51-4CDD-923D-9CE0BC8CF1B0}.Debug - No Documentation|Mixed Platforms.Build.0 = Debug|x86
		{6FEA33B2-6C51-4CDD-923D-9CE0BC8CF1B0}.Debug - No Documentation|x86.ActiveCfg = Debug|x86
		{6FEA33B2-6C51-4CDD-923D-9CE0BC8CF1B0}.Debug - No Documentation|x86.Build.0 = Debug|x86
		{6FEA33B2-6C51-4CDD-923D-9CE0BC8CF1B0}.Debug (No Documentation)|Any CPU.ActiveCfg = Debug|Any CPU
		{6FEA33B2-6C51-4CDD-923D-9CE0BC8CF1B0}.Debug (No Documentation)|Any CPU.Build.0 = Debug|Any CPU
		{6FEA33B2-6C51-4CDD-923D-9CE0BC8CF1B0}.Debug (No Documentation)|Mixed Platforms.ActiveCfg = Debug|x86
		{6FEA33B2-6C51-4CDD-923D-9CE0BC8CF1B0}.Debug (No Documentation)|Mixed Platforms.Build.0 = Debug|x86
		{6FEA33B2-6C51-4CDD-923D-9CE0BC8CF1B0}.Debug (No Documentation)|x86.ActiveCfg = Debug|x86
		{6FEA33B2-6C51-4CDD-923D-9CE0BC8CF1B0}.Debug (No Documentation)|x86.Build.0 = Debug|x86
		{6FEA33B2-6C51-4CDD-923D-9CE0BC8CF1B0}.Debug|Any CPU.ActiveCfg = Debug|Any CPU
		{6FEA33B2-6C51-4CDD-923D-9CE0BC8CF1B0}.Debug|Any CPU.Build.0 = Debug|Any CPU
		{6FEA33B2-6C51-4CDD-923D-9CE0BC8CF1B0}.Debug|Mixed Platforms.ActiveCfg = Debug|x86
		{6FEA33B2-6C51-4CDD-923D-9CE0BC8CF1B0}.Debug|Mixed Platforms.Build.0 = Debug|x86
		{6FEA33B2-6C51-4CDD-923D-9CE0BC8CF1B0}.Debug|x86.ActiveCfg = Debug|x86
		{6FEA33B2-6C51-4CDD-923D-9CE0BC8CF1B0}.Debug|x86.Build.0 = Debug|x86
		{6FEA33B2-6C51-4CDD-923D-9CE0BC8CF1B0}.Design|Any CPU.ActiveCfg = Debug|Any CPU
		{6FEA33B2-6C51-4CDD-923D-9CE0BC8CF1B0}.Design|Any CPU.Build.0 = Debug|Any CPU
		{6FEA33B2-6C51-4CDD-923D-9CE0BC8CF1B0}.Design|Mixed Platforms.ActiveCfg = Debug|x86
		{6FEA33B2-6C51-4CDD-923D-9CE0BC8CF1B0}.Design|Mixed Platforms.Build.0 = Debug|x86
		{6FEA33B2-6C51-4CDD-923D-9CE0BC8CF1B0}.Design|x86.ActiveCfg = Debug|x86
		{6FEA33B2-6C51-4CDD-923D-9CE0BC8CF1B0}.Design|x86.Build.0 = Debug|x86
		{6FEA33B2-6C51-4CDD-923D-9CE0BC8CF1B0}.GsNotActive|Any CPU.ActiveCfg = Release|Any CPU
		{6FEA33B2-6C51-4CDD-923D-9CE0BC8CF1B0}.GsNotActive|Any CPU.Build.0 = Release|Any CPU
		{6FEA33B2-6C51-4CDD-923D-9CE0BC8CF1B0}.GsNotActive|Mixed Platforms.ActiveCfg = Release|x86
		{6FEA33B2-6C51-4CDD-923D-9CE0BC8CF1B0}.GsNotActive|Mixed Platforms.Build.0 = Release|x86
		{6FEA33B2-6C51-4CDD-923D-9CE0BC8CF1B0}.GsNotActive|x86.ActiveCfg = Release|x86
		{6FEA33B2-6C51-4CDD-923D-9CE0BC8CF1B0}.GsNotActive|x86.Build.0 = Release|x86
		{6FEA33B2-6C51-4CDD-923D-9CE0BC8CF1B0}.Release|Any CPU.ActiveCfg = Release|Any CPU
		{6FEA33B2-6C51-4CDD-923D-9CE0BC8CF1B0}.Release|Any CPU.Build.0 = Release|Any CPU
		{6FEA33B2-6C51-4CDD-923D-9CE0BC8CF1B0}.Release|Mixed Platforms.ActiveCfg = Release|x86
		{6FEA33B2-6C51-4CDD-923D-9CE0BC8CF1B0}.Release|Mixed Platforms.Build.0 = Release|x86
		{6FEA33B2-6C51-4CDD-923D-9CE0BC8CF1B0}.Release|x86.ActiveCfg = Release|x86
		{6FEA33B2-6C51-4CDD-923D-9CE0BC8CF1B0}.Release|x86.Build.0 = Release|x86
	EndGlobalSection
	GlobalSection(SolutionProperties) = preSolution
		HideSolutionNode = FALSE
	EndGlobalSection
	GlobalSection(NestedProjects) = preSolution
		{186BBE9E-9342-405A-BFBE-1A8F752BE325} = {7F7B7235-854F-4454-87EE-3403C6AD4008}
	EndGlobalSection
EndGlobal
